
Microsoft Visual Studio Solution File, Format Version 12.00
# Visual Studio Express 2013 for Windows Desktop
VisualStudioVersion = 12.0.30723.0
MinimumVisualStudioVersion = 10.0.40219.1
Project("{8BC9CEB8-8B4A-11D0-8D11-00A0C91BC942}") = "SumOfDigits", "SumOfDigits\SumOfDigits.vcxproj", "{E71B3277-DD29-4B06-9BA5-ED3B6ACB4A3F}"
EndProject
Global
	GlobalSection(SolutionConfigurationPlatforms) = preSolution
		Debug|Win32 = Debug|Win32
		Release|Win32 = Release|Win32
	EndGlobalSection
	GlobalSection(ProjectConfigurationPlatforms) = postSolution
		{E71B3277-DD29-4B06-9BA5-ED3B6ACB4A3F}.Debug|Win32.ActiveCfg = Debug|Win32
		{E71B3277-DD29-4B06-9BA5-ED3B6ACB4A3F}.Debug|Win32.Build.0 = Debug|Win32
		{E71B3277-DD29-4B06-9BA5-ED3B6ACB4A3F}.Release|Win32.ActiveCfg = Release|Win32
		{E71B3277-DD29-4B06-9BA5-ED3B6ACB4A3F}.Release|Win32.Build.0 = Release|Win32
	EndGlobalSection
	GlobalSection(SolutionProperties) = preSolution
		HideSolutionNode = FALSE
	EndGlobalSection
EndGlobal
